<?xml version="1.0" encoding="UTF-8" standalone="yes" ?>
<CodeBlocks_project_file>
	<FileVersion major="1" minor="6" />
	<Project>
		<Option title="qcontainers" />
		<Option pch_mode="2" />
		<Option default_target="Tests" />
		<Option compiler="gcc" />
		<Build>
			<Target title="qcont_c">
				<Option output="bin/qcontainers/qcontainers" prefix_auto="1" extension_auto="1" />
				<Option working_dir="" />
				<Option object_output="obj/qcontainers/" />
				<Option type="2" />
				<Option compiler="gcc" />
				<Compiler>
					<Add option="-O2" />
					<Add option="-Wall" />
					<Add directory="../" />
					<Add directory="../containers" />
					<Add directory="../internal" />
				</Compiler>
			</Target>
			<Target title="Tests">
				<Option output="bin/Tests/test_qcontainers" prefix_auto="1" extension_auto="1" />
				<Option object_output="obj/Tests/" />
				<Option external_deps="bin/qcontainers/libqcontainers.a;" />
				<Option type="1" />
				<Option compiler="gfortran" />
				<Compiler>
					<Add option="-O2" />
					<Add option="-Wall" />
				</Compiler>
				<Linker>
					<Add library="bin/qcontainers/libqcontainers.a" />
				</Linker>
			</Target>
			<Target title="qcont_c_PGI">
				<Option output="bin/qcontainers_pgi/qcontainers" prefix_auto="1" extension_auto="1" />
				<Option working_dir="" />
				<Option object_output="obj/qcontainers_pgi/" />
				<Option type="2" />
				<Option compiler="pgi_c_compiler" />
				<Compiler>
					<Add option="-g" />
					<Add directory="../" />
					<Add directory="../containers" />
					<Add directory="../internal" />
				</Compiler>
			</Target>
			<Target title="Tests_PGI">
				<Option output="bin/Tests_pgi/test_qcontainers" prefix_auto="1" extension_auto="1" />
				<Option object_output="obj/Tests_pgi/" />
				<Option external_deps="bin/qcontainers_pgi/libqcontainers.a;" />
				<Option type="1" />
				<Option compiler="pgifortran" />
				<Compiler>
					<Add option="-Mchkptr" />
					<Add option="-Minform=warn" />
					<Add option="-g" />
				</Compiler>
				<Linker>
					<Add library="bin/qcontainers_pgi/libqcontainers.a" />
				</Linker>
			</Target>
			<Target title="qcont_c_Oracle">
				<Option output="bin/qcontainers_Oracle/qcontainers" prefix_auto="1" extension_auto="1" />
				<Option working_dir="" />
				<Option object_output="obj/qcontainers_Oracle/" />
				<Option type="2" />
				<Option compiler="orac-cc" />
				<Compiler>
					<Add option="-w3" />
					<Add option="-g" />
					<Add directory="../" />
					<Add directory="../containers" />
					<Add directory="../internal" />
				</Compiler>
			</Target>
			<Target title="Tests_Oracle">
				<Option output="bin/Tests_Oracle/test_qcontainers" prefix_auto="1" extension_auto="1" />
				<Option object_output="obj/Tests_Oracle/" />
				<Option external_deps="bin/qcontainers_Oracle/libqcontainers.a;" />
				<Option type="1" />
				<Option compiler="oracfortran" />
				<Compiler>
					<Add option="-w4" />
					<Add option="-g" />
				</Compiler>
				<Linker>
					<Add library="bin/qcontainers_Oracle/libqcontainers.a" />
				</Linker>
			</Target>
		</Build>
		<VirtualTargets>
			<Add alias="All_gcc" targets="qcont_c;Tests;" />
		</VirtualTargets>
		<Unit filename="../containers/qhashtbl.c">
			<Option compilerVar="CC" />
			<Option target="qcont_c" />
			<Option target="qcont_c_PGI" />
			<Option target="qcont_c_Oracle" />
		</Unit>
		<Unit filename="../containers/qhashtbl.h">
			<Option target="qcont_c" />
			<Option target="qcont_c_PGI" />
			<Option target="qcont_c_Oracle" />
		</Unit>
		<Unit filename="../containers/qlist.c">
			<Option compilerVar="CC" />
			<Option target="qcont_c" />
			<Option target="qcont_c_PGI" />
			<Option target="qcont_c_Oracle" />
		</Unit>
		<Unit filename="../containers/qlist.h">
			<Option target="qcont_c" />
			<Option target="qcont_c_PGI" />
			<Option target="qcont_c_Oracle" />
		</Unit>
		<Unit filename="../containers/qlisttbl.h">
			<Option target="qcont_c" />
			<Option target="qcont_c_PGI" />
			<Option target="qcont_c_Oracle" />
		</Unit>
		<Unit filename="../containers/qtreetbl.c">
			<Option compilerVar="CC" />
			<Option target="qcont_c" />
			<Option target="qcont_c_PGI" />
			<Option target="qcont_c_Oracle" />
		</Unit>
		<Unit filename="../containers/qtreetbl.h">
			<Option target="qcont_c" />
			<Option target="qcont_c_PGI" />
			<Option target="qcont_c_Oracle" />
		</Unit>
		<Unit filename="../containers/qvector.c">
			<Option compilerVar="CC" />
			<Option target="qcont_c" />
			<Option target="qcont_c_PGI" />
			<Option target="qcont_c_Oracle" />
		</Unit>
		<Unit filename="../containers/qvector.h">
			<Option target="qcont_c" />
			<Option target="qcont_c_PGI" />
			<Option target="qcont_c_Oracle" />
		</Unit>
		<Unit filename="../internal/md5/md5.h">
			<Option target="qcont_c" />
			<Option target="qcont_c_PGI" />
			<Option target="qcont_c_Oracle" />
		</Unit>
		<Unit filename="../internal/md5/md5c.c">
			<Option compilerVar="CC" />
			<Option target="qcont_c" />
			<Option target="qcont_c_PGI" />
			<Option target="qcont_c_Oracle" />
		</Unit>
		<Unit filename="../internal/qinternal.c">
			<Option compilerVar="CC" />
			<Option target="qcont_c" />
			<Option target="qcont_c_PGI" />
			<Option target="qcont_c_Oracle" />
		</Unit>
		<Unit filename="../internal/qinternal.h">
			<Option target="qcont_c" />
			<Option target="qcont_c_PGI" />
			<Option target="qcont_c_Oracle" />
		</Unit>
		<Unit filename="../qcontainers_f/qhashtbl.F90">
			<Option weight="1" />
			<Option target="Tests" />
			<Option target="Tests_PGI" />
			<Option target="Tests_Oracle" />
		</Unit>
		<Unit filename="../qcontainers_f/qlibc_util.f90">
			<Option weight="0" />
			<Option target="Tests" />
			<Option target="Tests_PGI" />
			<Option target="Tests_Oracle" />
		</Unit>
		<Unit filename="../qcontainers_f/qlist.F90">
			<Option weight="1" />
			<Option target="Tests" />
			<Option target="Tests_PGI" />
			<Option target="Tests_Oracle" />
		</Unit>
		<Unit filename="../qcontainers_f/qtreetbl.F90">
			<Option weight="1" />
			<Option target="Tests" />
			<Option target="Tests_PGI" />
			<Option target="Tests_Oracle" />
		</Unit>
		<Unit filename="../qcontainers_f/qvector.F90">
			<Option weight="1" />
			<Option target="Tests" />
			<Option target="Tests_PGI" />
			<Option target="Tests_Oracle" />
		</Unit>
		<Unit filename="../utilities/qencode.c">
			<Option compilerVar="CC" />
			<Option target="qcont_c" />
			<Option target="qcont_c_PGI" />
			<Option target="qcont_c_Oracle" />
		</Unit>
		<Unit filename="../utilities/qencode.h">
			<Option target="qcont_c" />
			<Option target="qcont_c_PGI" />
			<Option target="qcont_c_Oracle" />
		</Unit>
		<Unit filename="../utilities/qhash.c">
			<Option compilerVar="CC" />
			<Option target="qcont_c" />
			<Option target="qcont_c_PGI" />
			<Option target="qcont_c_Oracle" />
		</Unit>
		<Unit filename="../utilities/qhash.h">
			<Option target="qcont_c" />
			<Option target="qcont_c_PGI" />
			<Option target="qcont_c_Oracle" />
		</Unit>
		<Unit filename="../wrap_util_c/qhashtbl_util_c.c">
			<Option compilerVar="CC" />
			<Option target="qcont_c" />
			<Option target="qcont_c_PGI" />
			<Option target="qcont_c_Oracle" />
		</Unit>
		<Unit filename="../wrap_util_c/qlibc_util_c.c">
			<Option compilerVar="CC" />
			<Option target="qcont_c" />
			<Option target="qcont_c_PGI" />
			<Option target="qcont_c_Oracle" />
		</Unit>
		<Unit filename="../wrap_util_c/qlist_util_c.c">
			<Option compilerVar="CC" />
			<Option target="qcont_c" />
			<Option target="qcont_c_PGI" />
			<Option target="qcont_c_Oracle" />
		</Unit>
		<Unit filename="../wrap_util_c/qtreetbl_util_c.c">
			<Option compilerVar="CC" />
			<Option target="qcont_c" />
			<Option target="qcont_c_PGI" />
			<Option target="qcont_c_Oracle" />
		</Unit>
		<Unit filename="../wrap_util_c/qvector_util_c.c">
			<Option compilerVar="CC" />
			<Option target="qcont_c" />
			<Option target="qcont_c_PGI" />
			<Option target="qcont_c_Oracle" />
		</Unit>
		<Unit filename="assert_test.f90">
			<Option weight="0" />
			<Option target="Tests" />
			<Option target="Tests_PGI" />
			<Option target="Tests_Oracle" />
		</Unit>
		<Unit filename="test_hashtbl.F90">
			<Option weight="2" />
			<Option target="Tests" />
			<Option target="Tests_PGI" />
			<Option target="Tests_Oracle" />
		</Unit>
		<Unit filename="test_list.f90">
			<Option weight="2" />
			<Option target="Tests" />
			<Option target="Tests_PGI" />
			<Option target="Tests_Oracle" />
		</Unit>
		<Unit filename="test_qcontainers.f90">
			<Option weight="1" />
			<Option target="Tests" />
			<Option target="Tests_PGI" />
			<Option target="Tests_Oracle" />
		</Unit>
		<Unit filename="test_treetbl.f90">
			<Option weight="2" />
			<Option target="Tests" />
			<Option target="Tests_PGI" />
			<Option target="Tests_Oracle" />
		</Unit>
		<Unit filename="test_vector.f90">
			<Option weight="2" />
			<Option target="Tests" />
			<Option target="Tests_PGI" />
			<Option target="Tests_Oracle" />
		</Unit>
		<Extensions>
			<envvars />
			<code_completion />
			<lib_finder disable_auto="1" />
			<debugger />
		</Extensions>
	</Project>
</CodeBlocks_project_file>
